
#include <iostream>
using namespace std;
/*int main()
{
	int b;#include <iostream>
using namespace std;
/*int main()
{
	int b;
	cin >> b;
	cout << "Enter b";
	for (int a = 2; a <= b; a = a + 2)
	{

		cout << a;
	}
}
*/
int main()
{
	int a;
	int sum = 0;
	cout << "Enter number: ";
	cin >> a;
	for (a; a >= 1; --a)
	{
		cout << a << " ";
		sum += a;
	}
	cout << "sum" << sum;
}
{
	int a=1;
	int b=50;
for ( ; a < b; a+=2, b-=3)
{
	cout << a << " " << b << "\n";
}
}
{
	for (char symbol1 = 'A'; symbol1 <='Z'; ++symbol1)
		cout << symbol1 << "\n";
	for (char symbol2 = 'A'; symbol2 <= 'Y'; ++symbol2)
		cout << symbol2 << "\n";
	for (char symbol3 = 'A'; symbol3 <= 'X'; ++symbol3)
		cout << symbol3;
}

for (int temp; temp > 7; ++temp)
cout << "Enter temp";
cin >> a;


	cin >> b;
	cout << "Enter b";
	for (int a = 2; a <= b; a = a + 2)
	{

		cout << a;
	}
}
*/
int main()
/*{
	int a;
	int sum = 0;
	cout << "Enter number: ";
	cin >> a;
	for (a; a >= 1; --a)
	{
		cout << a << " ";
		sum += a;
	}
	cout << "sum" << sum;
}*/
/*{
	int a=1;
	int b=50;
for ( ; a < b; a+=2, b-=3)
{
	cout << a << " " << b << "\n";
}
}*/
{
	for (char symbol1 = 'A'; symbol1 <='Z'; ++symbol1)
		cout << symbol1 << "\n";
	for (char symbol2 = 'A'; symbol2 <= 'Y'; ++symbol2)
		cout << symbol2 << "\n";
	for (char symbol3 = 'A'; symbol3 <= 'X'; ++symbol3)
		cout << symbol3;
}

for (int temp; temp > 7; ++temp)
cout << "Enter temp";
cin >> a;


